
Microsoft Visual Studio Solution File, Format Version 12.00
# Visual Studio Version 16
VisualStudioVersion = 16.0.33214.272
MinimumVisualStudioVersion = 10.0.40219.1
Project("{FAE04EC0-301F-11D3-BF4B-00C04F79EFBC}") = "City", "City\City.csproj", "{32877482-58B3-4B9D-8697-46B48D5007CC}"
EndProject
Global
	GlobalSection(SolutionConfigurationPlatforms) = preSolution
		Debug|Any CPU = Debug|Any CPU
		Release|Any CPU = Release|Any CPU
	EndGlobalSection
	GlobalSection(ProjectConfigurationPlatforms) = postSolution
		{32877482-58B3-4B9D-8697-46B48D5007CC}.Debug|Any CPU.ActiveCfg = Debug|Any CPU
		{32877482-58B3-4B9D-8697-46B48D5007CC}.Debug|Any CPU.Build.0 = Debug|Any CPU
		{32877482-58B3-4B9D-8697-46B48D5007CC}.Release|Any CPU.ActiveCfg = Release|Any CPU
		{32877482-58B3-4B9D-8697-46B48D5007CC}.Release|Any CPU.Build.0 = Release|Any CPU
	EndGlobalSection
	GlobalSection(SolutionProperties) = preSolution
		HideSolutionNode = FALSE
	EndGlobalSection
	GlobalSection(ExtensibilityGlobals) = postSolution
		SolutionGuid = {F3844F62-F51E-4D9A-AB01-C15166486FFA}
	EndGlobalSection
EndGlobal
